// !$*UTF8*$!
{
	archiveVersion = 1;
	classes = {
	};
	objectVersion = 55;
	objects = {

/* Begin PBXBuildFile section */
		04DD7A142AD171B600881439 /* AppDelegate.swift in Sources */ = {isa = PBXBuildFile; fileRef = 04DD7A132AD171B600881439 /* AppDelegate.swift */; };
		04DD7A162AD171B600881439 /* SceneDelegate.swift in Sources */ = {isa = PBXBuildFile; fileRef = 04DD7A152AD171B600881439 /* SceneDelegate.swift */; };
		04DD7A182AD171B600881439 /* ViewController.swift in Sources */ = {isa = PBXBuildFile; fileRef = 04DD7A172AD171B600881439 /* ViewController.swift */; };
		04DD7A1B2AD171B600881439 /* Main.storyboard in Resources */ = {isa = PBXBuildFile; fileRef = 04DD7A192AD171B600881439 /* Main.storyboard */; };
		04DD7A1E2AD171B600881439 /* ScrollViewPractice.xcdatamodeld in Sources */ = {isa = PBXBuildFile; fileRef = 04DD7A1C2AD171B600881439 /* ScrollViewPractice.xcdatamodeld */; };
		04DD7A202AD171B900881439 /* Assets.xcassets in Resources */ = {isa = PBXBuildFile; fileRef = 04DD7A1F2AD171B900881439 /* Assets.xcassets */; };
		04DD7A232AD171B900881439 /* LaunchScreen.storyboard in Resources */ = {isa = PBXBuildFile; fileRef = 04DD7A212AD171B900881439 /* LaunchScreen.storyboard */; };
		04DD7A2E2AD171BA00881439 /* ScrollViewPracticeTests.swift in Sources */ = {isa = PBXBuildFile; fileRef = 04DD7A2D2AD171BA00881439 /* ScrollViewPracticeTests.swift */; };
		04DD7A382AD171BA00881439 /* ScrollViewPracticeUITests.swift in Sources */ = {isa = PBXBuildFile; fileRef = 04DD7A372AD171BA00881439 /* ScrollViewPracticeUITests.swift */; };
		04DD7A3A2AD171BA00881439 /* ScrollViewPracticeUITestsLaunchTests.swift in Sources */ = {isa = PBXBuildFile; fileRef = 04DD7A392AD171BA00881439 /* ScrollViewPracticeUITestsLaunchTests.swift */; };
/* End PBXBuildFile section */

/* Begin PBXContainerItemProxy section */
		04DD7A2A2AD171BA00881439 /* PBXContainerItemProxy */ = {
			isa = PBXContainerItemProxy;
			containerPortal = 04DD7A082AD171B600881439 /* Project object */;
			proxyType = 1;
			remoteGlobalIDString = 04DD7A0F2AD171B600881439;
			remoteInfo = ScrollViewPractice;
		};
		04DD7A342AD171BA00881439 /* PBXContainerItemProxy */ = {
			isa = PBXContainerItemProxy;
			containerPortal = 04DD7A082AD171B600881439 /* Project object */;
			proxyType = 1;
			remoteGlobalIDString = 04DD7A0F2AD171B600881439;
			remoteInfo = ScrollViewPractice;
		};
/* End PBXContainerItemProxy section */

/* Begin PBXFileReference section */
		04DD7A102AD171B600881439 /* ScrollViewPractice.app */ = {isa = PBXFileReference; explicitFileType = wrapper.application; includeInIndex = 0; path = ScrollViewPractice.app; sourceTree = BUILT_PRODUCTS_DIR; };
		04DD7A132AD171B600881439 /* AppDelegate.swift */ = {isa = PBXFileReference; lastKnownFileType = sourcecode.swift; path = AppDelegate.swift; sourceTree = "<group>"; };
		04DD7A152AD171B600881439 /* SceneDelegate.swift */ = {isa = PBXFileReference; lastKnownFileType = sourcecode.swift; path = SceneDelegate.swift; sourceTree = "<group>"; };
		04DD7A172AD171B600881439 /* ViewController.swift */ = {isa = PBXFileReference; lastKnownFileType = sourcecode.swift; path = ViewController.swift; sourceTree = "<group>"; };
		04DD7A1A2AD171B600881439 /* Base */ = {isa = PBXFileReference; lastKnownFileType = file.storyboard; name = Base; path = Base.lproj/Main.storyboard; sourceTree = "<group>"; };
		04DD7A1D2AD171B600881439 /* ScrollViewPractice.xcdatamodel */ = {isa = PBXFileReference; lastKnownFileType = wrapper.xcdatamodel; path = ScrollViewPractice.xcdatamodel; sourceTree = "<group>"; };
		04DD7A1F2AD171B900881439 /* Assets.xcassets */ = {isa = PBXFileReference; lastKnownFileType = folder.assetcatalog; path = Assets.xcassets; sourceTree = "<group>"; };
		04DD7A222AD171B900881439 /* Base */ = {isa = PBXFileReference; lastKnownFileType = file.storyboard; name = Base; path = Base.lproj/LaunchScreen.storyboard; sourceTree = "<group>"; };
		04DD7A242AD171B900881439 /* Info.plist */ = {isa = PBXFileReference; lastKnownFileType = text.plist.xml; path = Info.plist; sourceTree = "<group>"; };
		04DD7A292AD171BA00881439 /* ScrollViewPracticeTests.xctest */ = {isa = PBXFileReference; explicitFileType = wrapper.cfbundle; includeInIndex = 0; path = ScrollViewPracticeTests.xctest; sourceTree = BUILT_PRODUCTS_DIR; };
		04DD7A2D2AD171BA00881439 /* ScrollViewPracticeTests.swift */ = {isa = PBXFileReference; lastKnownFileType = sourcecode.swift; path = ScrollViewPracticeTests.swift; sourceTree = "<group>"; };
		04DD7A332AD171BA00881439 /* ScrollViewPracticeUITests.xctest */ = {isa = PBXFileReference; explicitFileType = wrapper.cfbundle; includeInIndex = 0; path = ScrollViewPracticeUITests.xctest; sourceTree = BUILT_PRODUCTS_DIR; };
		04DD7A372AD171BA00881439 /* ScrollViewPracticeUITests.swift */ = {isa = PBXFileReference; lastKnownFileType = sourcecode.swift; path = ScrollViewPracticeUITests.swift; sourceTree = "<group>"; };
		04DD7A392AD171BA00881439 /* ScrollViewPracticeUITestsLaunchTests.swift */ = {isa = PBXFileReference; lastKnownFileType = sourcecode.swift; path = ScrollViewPracticeUITestsLaunchTests.swift; sourceTree = "<group>"; };
/* End PBXFileReference section */

/* Begin PBXFrameworksBuildPhase section */
		04DD7A0D2AD171B600881439 /* Frameworks */ = {
			isa = PBXFrameworksBuildPhase;
			buildActionMask = 2147483647;
			files = (
			);
			runOnlyForDeploymentPostprocessing = 0;
		};
		04DD7A262AD171BA00881439 /* Frameworks */ = {
			isa = PBXFrameworksBuildPhase;
			buildActionMask = 2147483647;
			files = (
			);
			runOnlyForDeploymentPostprocessing = 0;
		};
		04DD7A302AD171BA00881439 /* Frameworks */ = {
			isa = PBXFrameworksBuildPhase;
			buildActionMask = 2147483647;
			files = (
			);
			runOnlyForDeploymentPostprocessing = 0;
		};
/* End PBXFrameworksBuildPhase section */

/* Begin PBXGroup section */
		04DD7A072AD171B600881439 = {
			isa = PBXGroup;
			children = (
				04DD7A122AD171B600881439 /* ScrollViewPractice */,
				04DD7A2C2AD171BA00881439 /* ScrollViewPracticeTests */,
				04DD7A362AD171BA00881439 /* ScrollViewPracticeUITests */,
				04DD7A112AD171B600881439 /* Products */,
			);
			sourceTree = "<group>";
		};
		04DD7A112AD171B600881439 /* Products */ = {
			isa = PBXGroup;
			children = (
				04DD7A102AD171B600881439 /* ScrollViewPractice.app */,
				04DD7A292AD171BA00881439 /* ScrollViewPracticeTests.xctest */,
				04DD7A332AD171BA00881439 /* ScrollViewPracticeUITests.xctest */,
			);
			name = Products;
			sourceTree = "<group>";
		};
		04DD7A122AD171B600881439 /* ScrollViewPractice */ = {
			isa = PBXGroup;
			children = (
				04DD7A132AD171B600881439 /* AppDelegate.swift */,
				04DD7A152AD171B600881439 /* SceneDelegate.swift */,
				04DD7A172AD171B600881439 /* ViewController.swift */,
				04DD7A192AD171B600881439 /* Main.storyboard */,
				04DD7A1F2AD171B900881439 /* Assets.xcassets */,
				04DD7A212AD171B900881439 /* LaunchScreen.storyboard */,
				04DD7A242AD171B900881439 /* Info.plist */,
				04DD7A1C2AD171B600881439 /* ScrollViewPractice.xcdatamodeld */,
			);
			path = ScrollViewPractice;
			sourceTree = "<group>";
		};
		04DD7A2C2AD171BA00881439 /* ScrollViewPracticeTests */ = {
			isa = PBXGroup;
			children = (
				04DD7A2D2AD171BA00881439 /* ScrollViewPracticeTests.swift */,
			);
			path = ScrollViewPracticeTests;
			sourceTree = "<group>";
		};
		04DD7A362AD171BA00881439 /* ScrollViewPracticeUITests */ = {
			isa = PBXGroup;
			children = (
				04DD7A372AD171BA00881439 /* ScrollViewPracticeUITests.swift */,
				04DD7A392AD171BA00881439 /* ScrollViewPracticeUITestsLaunchTests.swift */,
			);
			path = ScrollViewPracticeUITests;
			sourceTree = "<group>";
		};
/* End PBXGroup section */

/* Begin PBXNativeTarget section */
		04DD7A0F2AD171B600881439 /* ScrollViewPractice */ = {
			isa = PBXNativeTarget;
			buildConfigurationList = 04DD7A3D2AD171BA00881439 /* Build configuration list for PBXNativeTarget "ScrollViewPractice" */;
			buildPhases = (
				04DD7A0C2AD171B600881439 /* Sources */,
				04DD7A0D2AD171B600881439 /* Frameworks */,
				04DD7A0E2AD171B600881439 /* Resources */,
			);
			buildRules = (
			);
			dependencies = (
			);
			name = ScrollViewPractice;
			productName = ScrollViewPractice;
			productReference = 04DD7A102AD171B600881439 /* ScrollViewPractice.app */;
			productType = "com.apple.product-type.application";
		};
		04DD7A282AD171BA00881439 /* ScrollViewPracticeTests */ = {
			isa = PBXNativeTarget;
			buildConfigurationList = 04DD7A402AD171BA00881439 /* Build configuration list for PBXNativeTarget "ScrollViewPracticeTests" */;
			buildPhases = (
				04DD7A252AD171BA00881439 /* Sources */,
				04DD7A262AD171BA00881439 /* Frameworks */,
				04DD7A272AD171BA00881439 /* Resources */,
			);
			buildRules = (
			);
			dependencies = (
				04DD7A2B2AD171BA00881439 /* PBXTargetDependency */,
			);
			name = ScrollViewPracticeTests;
			productName = ScrollViewPracticeTests;
			productReference = 04DD7A292AD171BA00881439 /* ScrollViewPracticeTests.xctest */;
			productType = "com.apple.product-type.bundle.unit-test";
		};
		04DD7A322AD171BA00881439 /* ScrollViewPracticeUITests */ = {
			isa = PBXNativeTarget;
			buildConfigurationList = 04DD7A432AD171BA00881439 /* Build configuration list for PBXNativeTarget "ScrollViewPracticeUITests" */;
			buildPhases = (
				04DD7A2F2AD171BA00881439 /* Sources */,
				04DD7A302AD171BA00881439 /* Frameworks */,
				04DD7A312AD171BA00881439 /* Resources */,
			);
			buildRules = (
			);
			dependencies = (
				04DD7A352AD171BA00881439 /* PBXTargetDependency */,
			);
			name = ScrollViewPracticeUITests;
			productName = ScrollViewPracticeUITests;
			productReference = 04DD7A332AD171BA00881439 /* ScrollViewPracticeUITests.xctest */;
			productType = "com.apple.product-type.bundle.ui-testing";
		};
/* End PBXNativeTarget section */

/* Begin PBXProject section */
		04DD7A082AD171B600881439 /* Project object */ = {
			isa = PBXProject;
			attributes = {
				BuildIndependentTargetsInParallel = 1;
				LastSwiftUpdateCheck = 1340;
				LastUpgradeCheck = 1340;
				TargetAttributes = {
					04DD7A0F2AD171B600881439 = {
						CreatedOnToolsVersion = 13.4.1;
					};
					04DD7A282AD171BA00881439 = {
						CreatedOnToolsVersion = 13.4.1;
						TestTargetID = 04DD7A0F2AD171B600881439;
					};
					04DD7A322AD171BA00881439 = {
						CreatedOnToolsVersion = 13.4.1;
						TestTargetID = 04DD7A0F2AD171B600881439;
					};
				};
			};
			buildConfigurationList = 04DD7A0B2AD171B600881439 /* Build configuration list for PBXProject "ScrollViewPractice" */;
			compatibilityVersion = "Xcode 13.0";
			developmentRegion = en;
			hasScannedForEncodings = 0;
			knownRegions = (
				en,
				Base,
			);
			mainGroup = 04DD7A072AD171B600881439;
			productRefGroup = 04DD7A112AD171B600881439 /* Products */;
			projectDirPath = "";
			projectRoot = "";
			targets = (
				04DD7A0F2AD171B600881439 /* ScrollViewPractice */,
				04DD7A282AD171BA00881439 /* ScrollViewPracticeTests */,
				04DD7A322AD171BA00881439 /* ScrollViewPracticeUITests */,
			);
		};
/* End PBXProject section */

/* Begin PBXResourcesBuildPhase section */
		04DD7A0E2AD171B600881439 /* Resources */ = {
			isa = PBXResourcesBuildPhase;
			buildActionMask = 2147483647;
			files = (
				04DD7A232AD171B900881439 /* LaunchScreen.storyboard in Resources */,
				04DD7A202AD171B900881439 /* Assets.xcassets in Resources */,
				04DD7A1B2AD171B600881439 /* Main.storyboard in Resources */,
			);
			runOnlyForDeploymentPostprocessing = 0;
		};
		04DD7A272AD171BA00881439 /* Resources */ = {
			isa = PBXResourcesBuildPhase;
			buildActionMask = 2147483647;
			files = (
			);
			runOnlyForDeploymentPostprocessing = 0;
		};
		04DD7A312AD171BA00881439 /* Resources */ = {
			isa = PBXResourcesBuildPhase;
			buildActionMask = 2147483647;
			files = (
			);
			runOnlyForDeploymentPostprocessing = 0;
		};
/* End PBXResourcesBuildPhase section */

/* Begin PBXSourcesBuildPhase section */
		04DD7A0C2AD171B600881439 /* Sources */ = {
			isa = PBXSourcesBuildPhase;
			buildActionMask = 2147483647;
			files = (
				04DD7A1E2AD171B600881439 /* ScrollViewPractice.xcdatamodeld in Sources */,
				04DD7A182AD171B600881439 /* ViewController.swift in Sources */,
				04DD7A142AD171B600881439 /* AppDelegate.swift in Sources */,
				04DD7A162AD171B600881439 /* SceneDelegate.swift in Sources */,
			);
			runOnlyForDeploymentPostprocessing = 0;
		};
		04DD7A252AD171BA00881439 /* Sources */ = {
			isa = PBXSourcesBuildPhase;
			buildActionMask = 2147483647;
			files = (
				04DD7A2E2AD171BA00881439 /* ScrollViewPracticeTests.swift in Sources */,
			);
			runOnlyForDeploymentPostprocessing = 0;
		};
		04DD7A2F2AD171BA00881439 /* Sources */ = {
			isa = PBXSourcesBuildPhase;
			buildActionMask = 2147483647;
			files = (
				04DD7A382AD171BA00881439 /* ScrollViewPracticeUITests.swift in Sources */,
				04DD7A3A2AD171BA00881439 /* ScrollViewPracticeUITestsLaunchTests.swift in Sources */,
			);
			runOnlyForDeploymentPostprocessing = 0;
		};
/* End PBXSourcesBuildPhase section */

/* Begin PBXTargetDependency section */
		04DD7A2B2AD171BA00881439 /* PBXTargetDependency */ = {
			isa = PBXTargetDependency;
			target = 04DD7A0F2AD171B600881439 /* ScrollViewPractice */;
			targetProxy = 04DD7A2A2AD171BA00881439 /* PBXContainerItemProxy */;
		};
		04DD7A352AD171BA00881439 /* PBXTargetDependency */ = {
			isa = PBXTargetDependency;
			target = 04DD7A0F2AD171B600881439 /* ScrollViewPractice */;
			targetProxy = 04DD7A342AD171BA00881439 /* PBXContainerItemProxy */;
		};
/* End PBXTargetDependency section */

/* Begin PBXVariantGroup section */
		04DD7A192AD171B600881439 /* Main.storyboard */ = {
			isa = PBXVariantGroup;
			children = (
				04DD7A1A2AD171B600881439 /* Base */,
			);
			name = Main.storyboard;
			sourceTree = "<group>";
		};
		04DD7A212AD171B900881439 /* LaunchScreen.storyboard */ = {
			isa = PBXVariantGroup;
			children = (
				04DD7A222AD171B900881439 /* Base */,
			);
			name = LaunchScreen.storyboard;
			sourceTree = "<group>";
		};
/* End PBXVariantGroup section */

/* Begin XCBuildConfiguration section */
		04DD7A3B2AD171BA00881439 /* Debug */ = {
			isa = XCBuildConfiguration;
			buildSettings = {
				ALWAYS_SEARCH_USER_PATHS = NO;
				CLANG_ANALYZER_NONNULL = YES;
				CLANG_ANALYZER_NUMBER_OBJECT_CONVERSION = YES_AGGRESSIVE;
				CLANG_CXX_LANGUAGE_STANDARD = "gnu++17";
				CLANG_ENABLE_MODULES = YES;
				CLANG_ENABLE_OBJC_ARC = YES;
				CLANG_ENABLE_OBJC_WEAK = YES;
				CLANG_WARN_BLOCK_CAPTURE_AUTORELEASING = YES;
				CLANG_WARN_BOOL_CONVERSION = YES;
				CLANG_WARN_COMMA = YES;
				CLANG_WARN_CONSTANT_CONVERSION = YES;
				CLANG_WARN_DEPRECATED_OBJC_IMPLEMENTATIONS = YES;
				CLANG_WARN_DIRECT_OBJC_ISA_USAGE = YES_ERROR;
				CLANG_WARN_DOCUMENTATION_COMMENTS = YES;
				CLANG_WARN_EMPTY_BODY = YES;
				CLANG_WARN_ENUM_CONVERSION = YES;
				CLANG_WARN_INFINITE_RECURSION = YES;
				CLANG_WARN_INT_CONVERSION = YES;
				CLANG_WARN_NON_LITERAL_NULL_CONVERSION = YES;
				CLANG_WARN_OBJC_IMPLICIT_RETAIN_SELF = YES;
				CLANG_WARN_OBJC_LITERAL_CONVERSION = YES;
				CLANG_WARN_OBJC_ROOT_CLASS = YES_ERROR;
				CLANG_WARN_QUOTED_INCLUDE_IN_FRAMEWORK_HEADER = YES;
				CLANG_WARN_RANGE_LOOP_ANALYSIS = YES;
				CLANG_WARN_STRICT_PROTOTYPES = YES;
				CLANG_WARN_SUSPICIOUS_MOVE = YES;
				CLANG_WARN_UNGUARDED_AVAILABILITY = YES_AGGRESSIVE;
				CLANG_WARN_UNREACHABLE_CODE = YES;
				CLANG_WARN__DUPLICATE_METHOD_MATCH = YES;
				COPY_PHASE_STRIP = NO;
				DEBUG_INFORMATION_FORMAT = dwarf;
				ENABLE_STRICT_OBJC_MSGSEND = YES;
				ENABLE_TESTABILITY = YES;
				GCC_C_LANGUAGE_STANDARD = gnu11;
				GCC_DYNAMIC_NO_PIC = NO;
				GCC_NO_COMMON_BLOCKS = YES;
				GCC_OPTIMIZATION_LEVEL = 0;
				GCC_PREPROCESSOR_DEFINITIONS = (
					"DEBUG=1",
					"$(inherited)",
				);
				GCC_WARN_64_TO_32_BIT_CONVERSION = YES;
				GCC_WARN_ABOUT_RETURN_TYPE = YES_ERROR;
				GCC_WARN_UNDECLARED_SELECTOR = YES;
				GCC_WARN_UNINITIALIZED_AUTOS = YES_AGGRESSIVE;
				GCC_WARN_UNUSED_FUNCTION = YES;
				GCC_WARN_UNUSED_VARIABLE = YES;
				IPHONEOS_DEPLOYMENT_TARGET = 15.5;
				MTL_ENABLE_DEBUG_INFO = INCLUDE_SOURCE;
				MTL_FAST_MATH = YES;
				ONLY_ACTIVE_ARCH = YES;
				SDKROOT = iphoneos;
				SWIFT_ACTIVE_COMPILATION_CONDITIONS = DEBUG;
				SWIFT_OPTIMIZATION_LEVEL = "-Onone";
			};
			name = Debug;
		};
		04DD7A3C2AD171BA00881439 /* Release */ = {
			isa = XCBuildConfiguration;
			buildSettings = {
				ALWAYS_SEARCH_USER_PATHS = NO;
				CLANG_ANALYZER_NONNULL = YES;
				CLANG_ANALYZER_NUMBER_OBJECT_CONVERSION = YES_AGGRESSIVE;
				CLANG_CXX_LANGUAGE_STANDARD = "gnu++17";
				CLANG_ENABLE_MODULES = YES;
				CLANG_ENABLE_OBJC_ARC = YES;
				CLANG_ENABLE_OBJC_WEAK = YES;
				CLANG_WARN_BLOCK_CAPTURE_AUTORELEASING = YES;
				CLANG_WARN_BOOL_CONVERSION = YES;
				CLANG_WARN_COMMA = YES;
				CLANG_WARN_CONSTANT_CONVERSION = YES;
				CLANG_WARN_DEPRECATED_OBJC_IMPLEMENTATIONS = YES;
				CLANG_WARN_DIRECT_OBJC_ISA_USAGE = YES_ERROR;
				CLANG_WARN_DOCUMENTATION_COMMENTS = YES;
				CLANG_WARN_EMPTY_BODY = YES;
				CLANG_WARN_ENUM_CONVERSION = YES;
				CLANG_WARN_INFINITE_RECURSION = YES;
				CLANG_WARN_INT_CONVERSION = YES;
				CLANG_WARN_NON_LITERAL_NULL_CONVERSION = YES;
				CLANG_WARN_OBJC_IMPLICIT_RETAIN_SELF = YES;
				CLANG_WARN_OBJC_LITERAL_CONVERSION = YES;
				CLANG_WARN_OBJC_ROOT_CLASS = YES_ERROR;
				CLANG_WARN_QUOTED_INCLUDE_IN_FRAMEWORK_HEADER = YES;
				CLANG_WARN_RANGE_LOOP_ANALYSIS = YES;
				CLANG_WARN_STRICT_PROTOTYPES = YES;
				CLANG_WARN_SUSPICIOUS_MOVE = YES;
				CLANG_WARN_UNGUARDED_AVAILABILITY = YES_AGGRESSIVE;
				CLANG_WARN_UNREACHABLE_CODE = YES;
				CLANG_WARN__DUPLICATE_METHOD_MATCH = YES;
				COPY_PHASE_STRIP = NO;
				DEBUG_INFORMATION_FORMAT = "dwarf-with-dsym";
				ENABLE_NS_ASSERTIONS = NO;
				ENABLE_STRICT_OBJC_MSGSEND = YES;
				GCC_C_LANGUAGE_STANDARD = gnu11;
				GCC_NO_COMMON_BLOCKS = YES;
				GCC_WARN_64_TO_32_BIT_CONVERSION = YES;
				GCC_WARN_ABOUT_RETURN_TYPE = YES_ERROR;
				GCC_WARN_UNDECLARED_SELECTOR = YES;
				GCC_WARN_UNINITIALIZED_AUTOS = YES_AGGRESSIVE;
				GCC_WARN_UNUSED_FUNCTION = YES;
				GCC_WARN_UNUSED_VARIABLE = YES;
				IPHONEOS_DEPLOYMENT_TARGET = 15.5;
				MTL_ENABLE_DEBUG_INFO = NO;
				MTL_FAST_MATH = YES;
				SDKROOT = iphoneos;
				SWIFT_COMPILATION_MODE = wholemodule;
				SWIFT_OPTIMIZATION_LEVEL = "-O";
				VALIDATE_PRODUCT = YES;
			};
			name = Release;
		};
		04DD7A3E2AD171BA00881439 /* Debug */ = {
			isa = XCBuildConfiguration;
			buildSettings = {
				ASSETCATALOG_COMPILER_APPICON_NAME = AppIcon;
				ASSETCATALOG_COMPILER_GLOBAL_ACCENT_COLOR_NAME = AccentColor;
				CODE_SIGN_STYLE = Automatic;
				CURRENT_PROJECT_VERSION = 1;
				GENERATE_INFOPLIST_FILE = YES;
				INFOPLIST_FILE = ScrollViewPractice/Info.plist;
				INFOPLIST_KEY_UIApplicationSupportsIndirectInputEvents = YES;
				INFOPLIST_KEY_UILaunchStoryboardName = LaunchScreen;
				INFOPLIST_KEY_UIMainStoryboardFile = Main;
				INFOPLIST_KEY_UISupportedInterfaceOrientations_iPad = "UIInterfaceOrientationPortrait UIInterfaceOrientationPortraitUpsideDown UIInterfaceOrientationLandscapeLeft UIInterfaceOrientationLandscapeRight";
				INFOPLIST_KEY_UISupportedInterfaceOrientations_iPhone = "UIInterfaceOrientationPortrait UIInterfaceOrientationLandscapeLeft UIInterfaceOrientationLandscapeRight";
				LD_RUNPATH_SEARCH_PATHS = (
					"$(inherited)",
					"@executable_path/Frameworks",
				);
				MARKETING_VERSION = 1.0;
				PRODUCT_BUNDLE_IDENTIFIER = com.app.razorpay.ScrollViewPractice;
				PRODUCT_NAME = "$(TARGET_NAME)";
				SWIFT_EMIT_LOC_STRINGS = YES;
				SWIFT_VERSION = 5.0;
				TARGETED_DEVICE_FAMILY = "1,2";
			};
			name = Debug;
		};
		04DD7A3F2AD171BA00881439 /* Release */ = {
			isa = XCBuildConfiguration;
			buildSettings = {
				ASSETCATALOG_COMPILER_APPICON_NAME = AppIcon;
				ASSETCATALOG_COMPILER_GLOBAL_ACCENT_COLOR_NAME = AccentColor;
				CODE_SIGN_STYLE = Automatic;
				CURRENT_PROJECT_VERSION = 1;
				GENERATE_INFOPLIST_FILE = YES;
				INFOPLIST_FILE = ScrollViewPractice/Info.plist;
				INFOPLIST_KEY_UIApplicationSupportsIndirectInputEvents = YES;
				INFOPLIST_KEY_UILaunchStoryboardName = LaunchScreen;
				INFOPLIST_KEY_UIMainStoryboardFile = Main;
				INFOPLIST_KEY_UISupportedInterfaceOrientations_iPad = "UIInterfaceOrientationPortrait UIInterfaceOrientationPortraitUpsideDown UIInterfaceOrientationLandscapeLeft UIInterfaceOrientationLandscapeRight";
				INFOPLIST_KEY_UISupportedInterfaceOrientations_iPhone = "UIInterfaceOrientationPortrait UIInterfaceOrientationLandscapeLeft UIInterfaceOrientationLandscapeRight";
				LD_RUNPATH_SEARCH_PATHS = (
					"$(inherited)",
					"@executable_path/Frameworks",
				);
				MARKETING_VERSION = 1.0;
				PRODUCT_BUNDLE_IDENTIFIER = com.app.razorpay.ScrollViewPractice;
				PRODUCT_NAME = "$(TARGET_NAME)";
				SWIFT_EMIT_LOC_STRINGS = YES;
				SWIFT_VERSION = 5.0;
				TARGETED_DEVICE_FAMILY = "1,2";
			};
			name = Release;
		};
		04DD7A412AD171BA00881439 /* Debug */ = {
			isa = XCBuildConfiguration;
			buildSettings = {
				ALWAYS_EMBED_SWIFT_STANDARD_LIBRARIES = YES;
				BUNDLE_LOADER = "$(TEST_HOST)";
				CODE_SIGN_STYLE = Automatic;
				CURRENT_PROJECT_VERSION = 1;
				GENERATE_INFOPLIST_FILE = YES;
				IPHONEOS_DEPLOYMENT_TARGET = 15.5;
				MARKETING_VERSION = 1.0;
				PRODUCT_BUNDLE_IDENTIFIER = com.app.razorpay.ScrollViewPracticeTests;
				PRODUCT_NAME = "$(TARGET_NAME)";
				SWIFT_EMIT_LOC_STRINGS = NO;
				SWIFT_VERSION = 5.0;
				TARGETED_DEVICE_FAMILY = "1,2";
				TEST_HOST = "$(BUILT_PRODUCTS_DIR)/ScrollViewPractice.app/ScrollViewPractice";
			};
			name = Debug;
		};
		04DD7A422AD171BA00881439 /* Release */ = {
			isa = XCBuildConfiguration;
			buildSettings = {
				ALWAYS_EMBED_SWIFT_STANDARD_LIBRARIES = YES;
				BUNDLE_LOADER = "$(TEST_HOST)";
				CODE_SIGN_STYLE = Automatic;
				CURRENT_PROJECT_VERSION = 1;
				GENERATE_INFOPLIST_FILE = YES;
				IPHONEOS_DEPLOYMENT_TARGET = 15.5;
				MARKETING_VERSION = 1.0;
				PRODUCT_BUNDLE_IDENTIFIER = com.app.razorpay.ScrollViewPracticeTests;
				PRODUCT_NAME = "$(TARGET_NAME)";
				SWIFT_EMIT_LOC_STRINGS = NO;
				SWIFT_VERSION = 5.0;
				TARGETED_DEVICE_FAMILY = "1,2";
				TEST_HOST = "$(BUILT_PRODUCTS_DIR)/ScrollViewPractice.app/ScrollViewPractice";
			};
			name = Release;
		};
		04DD7A442AD171BA00881439 /* Debug */ = {
			isa = XCBuildConfiguration;
			buildSettings = {
				ALWAYS_EMBED_SWIFT_STANDARD_LIBRARIES = YES;
				CODE_SIGN_STYLE = Automatic;
				CURRENT_PROJECT_VERSION = 1;
				GENERATE_INFOPLIST_FILE = YES;
				MARKETING_VERSION = 1.0;
				PRODUCT_BUNDLE_IDENTIFIER = com.app.razorpay.ScrollViewPracticeUITests;
				PRODUCT_NAME = "$(TARGET_NAME)";
				SWIFT_EMIT_LOC_STRINGS = NO;
				SWIFT_VERSION = 5.0;
				TARGETED_DEVICE_FAMILY = "1,2";
				TEST_TARGET_NAME = ScrollViewPractice;
			};
			name = Debug;
		};
		04DD7A452AD171BA00881439 /* Release */ = {
			isa = XCBuildConfiguration;
			buildSettings = {
				ALWAYS_EMBED_SWIFT_STANDARD_LIBRARIES = YES;
				CODE_SIGN_STYLE = Automatic;
				CURRENT_PROJECT_VERSION = 1;
				GENERATE_INFOPLIST_FILE = YES;
				MARKETING_VERSION = 1.0;
				PRODUCT_BUNDLE_IDENTIFIER = com.app.razorpay.ScrollViewPracticeUITests;
				PRODUCT_NAME = "$(TARGET_NAME)";
				SWIFT_EMIT_LOC_STRINGS = NO;
				SWIFT_VERSION = 5.0;
				TARGETED_DEVICE_FAMILY = "1,2";
				TEST_TARGET_NAME = ScrollViewPractice;
			};
			name = Release;
		};
/* End XCBuildConfiguration section */

/* Begin XCConfigurationList section */
		04DD7A0B2AD171B600881439 /* Build configuration list for PBXProject "ScrollViewPractice" */ = {
			isa = XCConfigurationList;
			buildConfigurations = (
				04DD7A3B2AD171BA00881439 /* Debug */,
				04DD7A3C2AD171BA00881439 /* Release */,
			);
			defaultConfigurationIsVisible = 0;
			defaultConfigurationName = Release;
		};
		04DD7A3D2AD171BA00881439 /* Build configuration list for PBXNativeTarget "ScrollViewPractice" */ = {
			isa = XCConfigurationList;
			buildConfigurations = (
				04DD7A3E2AD171BA00881439 /* Debug */,
				04DD7A3F2AD171BA00881439 /* Release */,
			);
			defaultConfigurationIsVisible = 0;
			defaultConfigurationName = Release;
		};
		04DD7A402AD171BA00881439 /* Build configuration list for PBXNativeTarget "ScrollViewPracticeTests" */ = {
			isa = XCConfigurationList;
			buildConfigurations = (
				04DD7A412AD171BA00881439 /* Debug */,
				04DD7A422AD171BA00881439 /* Release */,
			);
			defaultConfigurationIsVisible = 0;
			defaultConfigurationName = Release;
		};
		04DD7A432AD171BA00881439 /* Build configuration list for PBXNativeTarget "ScrollViewPracticeUITests" */ = {
			isa = XCConfigurationList;
			buildConfigurations = (
				04DD7A442AD171BA00881439 /* Debug */,
				04DD7A452AD171BA00881439 /* Release */,
			);
			defaultConfigurationIsVisible = 0;
			defaultConfigurationName = Release;
		};
/* End XCConfigurationList section */

/* Begin XCVersionGroup section */
		04DD7A1C2AD171B600881439 /* ScrollViewPractice.xcdatamodeld */ = {
			isa = XCVersionGroup;
			children = (
				04DD7A1D2AD171B600881439 /* ScrollViewPractice.xcdatamodel */,
			);
			currentVersion = 04DD7A1D2AD171B600881439 /* ScrollViewPractice.xcdatamodel */;
			path = ScrollViewPractice.xcdatamodeld;
			sourceTree = "<group>";
			versionGroupType = wrapper.xcdatamodel;
		};
/* End XCVersionGroup section */
	};
	rootObject = 04DD7A082AD171B600881439 /* Project object */;
}
